# This file is generated by running "yarn install" inside your project.
# Manual changes might be lost - proceed with caution!

__metadata:
  version: 8
  cacheKey: 10

"@biomejs/biome@npm:^2.3.2":
  version: 2.3.2
  resolution: "@biomejs/biome@npm:2.3.2"
  dependencies:
    "@biomejs/cli-darwin-arm64": "npm:2.3.2"
    "@biomejs/cli-darwin-x64": "npm:2.3.2"
    "@biomejs/cli-linux-arm64": "npm:2.3.2"
    "@biomejs/cli-linux-arm64-musl": "npm:2.3.2"
    "@biomejs/cli-linux-x64": "npm:2.3.2"
    "@biomejs/cli-linux-x64-musl": "npm:2.3.2"
    "@biomejs/cli-win32-arm64": "npm:2.3.2"
    "@biomejs/cli-win32-x64": "npm:2.3.2"
  dependenciesMeta:
    "@biomejs/cli-darwin-arm64":
      optional: true
    "@biomejs/cli-darwin-x64":
      optional: true
    "@biomejs/cli-linux-arm64":
      optional: true
    "@biomejs/cli-linux-arm64-musl":
      optional: true
    "@biomejs/cli-linux-x64":
      optional: true
    "@biomejs/cli-linux-x64-musl":
      optional: true
    "@biomejs/cli-win32-arm64":
      optional: true
    "@biomejs/cli-win32-x64":
      optional: true
  bin:
    biome: bin/biome
  checksum: 10/028dec2b37383ed4fd031cafac7c9009376f272caab4edf1e95838bea126ce7520463e75b0d30d6f31562351d00df367af5d0d53a1dad650ef70df93762d6c2b
  languageName: node
  linkType: hard

"@biomejs/cli-darwin-arm64@npm:2.3.2":
  version: 2.3.2
  resolution: "@biomejs/cli-darwin-arm64@npm:2.3.2"
  conditions: os=darwin & cpu=arm64
  languageName: node
  linkType: hard

"@biomejs/cli-darwin-x64@npm:2.3.2":
  version: 2.3.2
  resolution: "@biomejs/cli-darwin-x64@npm:2.3.2"
  conditions: os=darwin & cpu=x64
  languageName: node
  linkType: hard

"@biomejs/cli-linux-arm64-musl@npm:2.3.2":
  version: 2.3.2
  resolution: "@biomejs/cli-linux-arm64-musl@npm:2.3.2"
  conditions: os=linux & cpu=arm64 & libc=musl
  languageName: node
  linkType: hard

"@biomejs/cli-linux-arm64@npm:2.3.2":
  version: 2.3.2
  resolution: "@biomejs/cli-linux-arm64@npm:2.3.2"
  conditions: os=linux & cpu=arm64 & libc=glibc
  languageName: node
  linkType: hard

"@biomejs/cli-linux-x64-musl@npm:2.3.2":
  version: 2.3.2
  resolution: "@biomejs/cli-linux-x64-musl@npm:2.3.2"
  conditions: os=linux & cpu=x64 & libc=musl
  languageName: node
  linkType: hard

"@biomejs/cli-linux-x64@npm:2.3.2":
  version: 2.3.2
  resolution: "@biomejs/cli-linux-x64@npm:2.3.2"
  conditions: os=linux & cpu=x64 & libc=glibc
  languageName: node
  linkType: hard

"@biomejs/cli-win32-arm64@npm:2.3.2":
  version: 2.3.2
  resolution: "@biomejs/cli-win32-arm64@npm:2.3.2"
  conditions: os=win32 & cpu=arm64
  languageName: node
  linkType: hard

"@biomejs/cli-win32-x64@npm:2.3.2":
  version: 2.3.2
  resolution: "@biomejs/cli-win32-x64@npm:2.3.2"
  conditions: os=win32 & cpu=x64
  languageName: node
  linkType: hard

"@discordjs/builders@npm:^1.13.0":
  version: 1.13.0
  resolution: "@discordjs/builders@npm:1.13.0"
  dependencies:
    "@discordjs/formatters": "npm:^0.6.1"
    "@discordjs/util": "npm:^1.1.1"
    "@sapphire/shapeshift": "npm:^4.0.0"
    discord-api-types: "npm:^0.38.31"
    fast-deep-equal: "npm:^3.1.3"
    ts-mixer: "npm:^6.0.4"
    tslib: "npm:^2.6.3"
  checksum: 10/a81a818afc1ab8fb45d1b695f81ed3646ac711e815e098c8ea8010fe61500d2835e9ef0267450c786c8dbcfd5b3f97bb7976bfbb56c541c536b983cf5778e992
  languageName: node
  linkType: hard

"@discordjs/collection@npm:1.5.3":
  version: 1.5.3
  resolution: "@discordjs/collection@npm:1.5.3"
  checksum: 10/770d0576612555c848858ead2a6c6242252f51ae3a7a6fdcc4986ceeb330ed8cffb81bcd1819e1ef11cce946cb9e707791926e757985cc2e081e984012c08dad
  languageName: node
  linkType: hard

"@discordjs/collection@npm:^2.1.0, @discordjs/collection@npm:^2.1.1":
  version: 2.1.1
  resolution: "@discordjs/collection@npm:2.1.1"
  checksum: 10/2bf815120929e20bdcc94a7d0a9c0e567ef859b8cc502f5ecddaeae31ba3457711df708ab200ac6e86ffccab31f796192860f8ad609a9ddc2cdd7ffe5825a266
  languageName: node
  linkType: hard

"@discordjs/formatters@npm:^0.6.1":
  version: 0.6.1
  resolution: "@discordjs/formatters@npm:0.6.1"
  dependencies:
    discord-api-types: "npm:^0.38.1"
  checksum: 10/131375d851f027381c3386664b7fcbd04eb3af34419fcb7702241f992226db153357fde5a342c0c1ada31b4f068f6c108bbb65c1c8cc70f17a9c7d44f79452c4
  languageName: node
  linkType: hard

"@discordjs/rest@npm:^2.5.1, @discordjs/rest@npm:^2.6.0":
  version: 2.6.0
  resolution: "@discordjs/rest@npm:2.6.0"
  dependencies:
    "@discordjs/collection": "npm:^2.1.1"
    "@discordjs/util": "npm:^1.1.1"
    "@sapphire/async-queue": "npm:^1.5.3"
    "@sapphire/snowflake": "npm:^3.5.3"
    "@vladfrangu/async_event_emitter": "npm:^2.4.6"
    discord-api-types: "npm:^0.38.16"
    magic-bytes.js: "npm:^1.10.0"
    tslib: "npm:^2.6.3"
    undici: "npm:6.21.3"
  checksum: 10/dccfb8d086e3cd32249492e480775d8a9badb1b84ca7eecf0ca853ffbb7b167b3438e16ebed1be676ca953537d672fcef5c3ea4f49c837c4be836a3c6f39984c
  languageName: node
  linkType: hard

"@discordjs/util@npm:^1.1.0, @discordjs/util@npm:^1.1.1":
  version: 1.1.1
  resolution: "@discordjs/util@npm:1.1.1"
  checksum: 10/3c8ae0c47fcf124e13bfef6232cf4564c35da9ac6b95b63888458c6662742e387324cdafa6207d625415553a5d05fc854f106c726a00c8e81c3414fd5e7eaf2c
  languageName: node
  linkType: hard

"@discordjs/ws@npm:^1.2.3":
  version: 1.2.3
  resolution: "@discordjs/ws@npm:1.2.3"
  dependencies:
    "@discordjs/collection": "npm:^2.1.0"
    "@discordjs/rest": "npm:^2.5.1"
    "@discordjs/util": "npm:^1.1.0"
    "@sapphire/async-queue": "npm:^1.5.2"
    "@types/ws": "npm:^8.5.10"
    "@vladfrangu/async_event_emitter": "npm:^2.2.4"
    discord-api-types: "npm:^0.38.1"
    tslib: "npm:^2.6.2"
    ws: "npm:^8.17.0"
  checksum: 10/35e322c398ea95127a47440810c1def0e55e90ab86e2dc59cedb5402df1485d59d86ae55e29514346c4437b1619c904265d187f93375c6743cd12a3558e7abda
  languageName: node
  linkType: hard

"@sapphire/async-queue@npm:^1.5.2, @sapphire/async-queue@npm:^1.5.3":
  version: 1.5.5
  resolution: "@sapphire/async-queue@npm:1.5.5"
  checksum: 10/26e6136de6dde4053e69afe7103fc8d71e9b780100a2b00de7d74eb009263cb6b1d06cf92b75a699c4c05804b7c7bc72190814c3709a60cde291ce29be0e0c36
  languageName: node
  linkType: hard

"@sapphire/shapeshift@npm:^4.0.0":
  version: 4.0.0
  resolution: "@sapphire/shapeshift@npm:4.0.0"
  dependencies:
    fast-deep-equal: "npm:^3.1.3"
    lodash: "npm:^4.17.21"
  checksum: 10/71437388066ca19a521f94f3066633010a5b3e24d9da1c07664389b9b02635af502b81236af92f24bb4c0f312a93b0f4ac544391afd464c2e98e6f93e2a4ded0
  languageName: node
  linkType: hard

"@sapphire/snowflake@npm:3.5.3":
  version: 3.5.3
  resolution: "@sapphire/snowflake@npm:3.5.3"
  checksum: 10/f306626f76a6e9bdc7de9130c1baf7ddcd8681d7d03b2ab6f2404081f71c94085d4001e8a62ae2c2372b3b54d2d52ec21d43695f2c73fb101caabc2d3bf524aa
  languageName: node
  linkType: hard

"@sapphire/snowflake@npm:^3.5.3":
  version: 3.5.5
  resolution: "@sapphire/snowflake@npm:3.5.5"
  checksum: 10/ccffcf71ebcad6762fd663ec7b6e176c7c3cc3ea03cae5b2eed8cc2a9a3645112b68f8f6da141341e2868dfd8ef833bfe93cdad91ab29b9d68e37ee87e5b1c4c
  languageName: node
  linkType: hard

"@types/node@npm:*, @types/node@npm:^24.9.2":
  version: 24.9.2
  resolution: "@types/node@npm:24.9.2"
  dependencies:
    undici-types: "npm:~7.16.0"
  checksum: 10/3e76ad89cca317c0886deedab0245b6b2a04ef6c47362bd3918020296f3e9630334795af9cee8c6633eae774c85d848ff2e6bed5a7c3133fc94968364fc3ee36
  languageName: node
  linkType: hard

"@types/ws@npm:^8.5.10":
  version: 8.18.1
  resolution: "@types/ws@npm:8.18.1"
  dependencies:
    "@types/node": "npm:*"
  checksum: 10/1ce05e3174dcacf28dae0e9b854ef1c9a12da44c7ed73617ab6897c5cbe4fccbb155a20be5508ae9a7dde2f83bd80f5cf3baa386b934fc4b40889ec963e94f3a
  languageName: node
  linkType: hard

"@vladfrangu/async_event_emitter@npm:^2.2.4, @vladfrangu/async_event_emitter@npm:^2.4.6":
  version: 2.4.7
  resolution: "@vladfrangu/async_event_emitter@npm:2.4.7"
  checksum: 10/90cfabbe1f2bbfe8d81f99a884c1d0ef16454f0c2457a2cb497cda35a17888b3971ff1dba68252f60013c942220b20962483de0ca62fe9152e2d55cace3155e3
  languageName: node
  linkType: hard

"discord-api-types@npm:^0.38.1, discord-api-types@npm:^0.38.16, discord-api-types@npm:^0.38.31":
  version: 0.38.31
  resolution: "discord-api-types@npm:0.38.31"
  checksum: 10/7c3439f4e613434a3de50375508a0bf34894ca9079d91edb66d981260734c771fa7388abbfd27b5bbd94693a74e5cadc0c634c1f89121ad6719249cfef7943d0
  languageName: node
  linkType: hard

"discord.js@npm:^14.24.1":
  version: 14.24.1
  resolution: "discord.js@npm:14.24.1"
  dependencies:
    "@discordjs/builders": "npm:^1.13.0"
    "@discordjs/collection": "npm:1.5.3"
    "@discordjs/formatters": "npm:^0.6.1"
    "@discordjs/rest": "npm:^2.6.0"
    "@discordjs/util": "npm:^1.1.1"
    "@discordjs/ws": "npm:^1.2.3"
    "@sapphire/snowflake": "npm:3.5.3"
    discord-api-types: "npm:^0.38.31"
    fast-deep-equal: "npm:3.1.3"
    lodash.snakecase: "npm:4.1.1"
    magic-bytes.js: "npm:^1.10.0"
    tslib: "npm:^2.6.3"
    undici: "npm:6.21.3"
  checksum: 10/9b9f4a02329bed8dee0e2d3529884f28f7d52936b26a3ce866f6df203259600a43dcf8bdd183a6a46d25517cf1104890c99d8588ba84b6a1e39fc602d2609d2e
  languageName: node
  linkType: hard

"fast-deep-equal@npm:3.1.3, fast-deep-equal@npm:^3.1.3":
  version: 3.1.3
  resolution: "fast-deep-equal@npm:3.1.3"
  checksum: 10/e21a9d8d84f53493b6aa15efc9cfd53dd5b714a1f23f67fb5dc8f574af80df889b3bce25dc081887c6d25457cce704e636395333abad896ccdec03abaf1f3f9d
  languageName: node
  linkType: hard

"lodash.snakecase@npm:4.1.1":
  version: 4.1.1
  resolution: "lodash.snakecase@npm:4.1.1"
  checksum: 10/82ed40935d840477ef8fee64f9f263f75989c6cde36b84aae817246d95826228e1b5a7f6093c51de324084f86433634c7af244cb89496633cacfe443071450d0
  languageName: node
  linkType: hard

"lodash@npm:^4.17.21":
  version: 4.17.21
  resolution: "lodash@npm:4.17.21"
  checksum: 10/c08619c038846ea6ac754abd6dd29d2568aa705feb69339e836dfa8d8b09abbb2f859371e86863eda41848221f9af43714491467b5b0299122431e202bb0c532
  languageName: node
  linkType: hard

"magic-bytes.js@npm:^1.10.0":
  version: 1.12.1
  resolution: "magic-bytes.js@npm:1.12.1"
  checksum: 10/93c89159cc59b0cfc685fc561c8cbe5d28d55d388b16b8d4c7b212bec372c22ea6aef59ac54319beceaf3a57af03aa7b68cb5d325e48834dae3afec91a3cae80
  languageName: node
  linkType: hard

"poyoyo@workspace:.":
  version: 0.0.0-use.local
  resolution: "poyoyo@workspace:."
  dependencies:
    "@biomejs/biome": "npm:^2.3.2"
    "@types/node": "npm:^24.9.2"
    discord.js: "npm:^14.24.1"
    prettier: "npm:^3.6.2"
    typescript: "npm:5.9.3"
  languageName: unknown
  linkType: soft

"prettier@npm:^3.6.2":
  version: 3.6.2
  resolution: "prettier@npm:3.6.2"
  bin:
    prettier: bin/prettier.cjs
  checksum: 10/1213691706bcef1371d16ef72773c8111106c3533b660b1cc8ec158bd109cdf1462804125f87f981f23c4a3dba053b6efafda30ab0114cc5b4a725606bb9ff26
  languageName: node
  linkType: hard

"ts-mixer@npm:^6.0.4":
  version: 6.0.4
  resolution: "ts-mixer@npm:6.0.4"
  checksum: 10/f20571a4a4ff7b5e1a2ff659208c1ea9d4180dda932b71d289edc99e25a2948c9048e2e676b930302ac0f8e88279e0da6022823183e67de3906a3f3a8b72ea80
  languageName: node
  linkType: hard

"tslib@npm:^2.6.2, tslib@npm:^2.6.3":
  version: 2.8.1
  resolution: "tslib@npm:2.8.1"
  checksum: 10/3e2e043d5c2316461cb54e5c7fe02c30ef6dccb3384717ca22ae5c6b5bc95232a6241df19c622d9c73b809bea33b187f6dbc73030963e29950c2141bc32a79f7
  languageName: node
  linkType: hard

"typescript@npm:5.9.3":
  version: 5.9.3
  resolution: "typescript@npm:5.9.3"
  bin:
    tsc: bin/tsc
    tsserver: bin/tsserver
  checksum: 10/c089d9d3da2729fd4ac517f9b0e0485914c4b3c26f80dc0cffcb5de1719a17951e92425d55db59515c1a7ddab65808466debb864d0d56dcf43f27007d0709594
  languageName: node
  linkType: hard

"typescript@patch:typescript@npm%3A5.9.3#optional!builtin<compat/typescript>":
  version: 5.9.3
  resolution: "typescript@patch:typescript@npm%3A5.9.3#optional!builtin<compat/typescript>::version=5.9.3&hash=5786d5"
  bin:
    tsc: bin/tsc
    tsserver: bin/tsserver
  checksum: 10/696e1b017bc2635f4e0c94eb4435357701008e2f272f553d06e35b494b8ddc60aa221145e286c28ace0c89ee32827a28c2040e3a69bdc108b1a5dc8fb40b72e3
  languageName: node
  linkType: hard

"undici-types@npm:~7.16.0":
  version: 7.16.0
  resolution: "undici-types@npm:7.16.0"
  checksum: 10/db43439f69c2d94cc29f75cbfe9de86df87061d6b0c577ebe9bb3255f49b22c50162a7d7eb413b0458b6510b8ca299ac7cff38c3a29fbd31af9f504bcf7fbc0d
  languageName: node
  linkType: hard

"undici@npm:6.21.3":
  version: 6.21.3
  resolution: "undici@npm:6.21.3"
  checksum: 10/b6b8f4a90e294c11fabbb174b471a310840695ed0154a44b81e9bb4a08867ed738c8a7eac4eb46c7902d502fbccf03fa2cf2e5f18d9a2218d82e4294e3f74a2b
  languageName: node
  linkType: hard

"ws@npm:^8.17.0":
  version: 8.18.3
  resolution: "ws@npm:8.18.3"
  peerDependencies:
    bufferutil: ^4.0.1
    utf-8-validate: ">=5.0.2"
  peerDependenciesMeta:
    bufferutil:
      optional: true
    utf-8-validate:
      optional: true
  checksum: 10/725964438d752f0ab0de582cd48d6eeada58d1511c3f613485b5598a83680bedac6187c765b0fe082e2d8cc4341fc57707c813ae780feee82d0c5efe6a4c61b6
  languageName: node
  linkType: hard
